
Microsoft Visual Studio Solution File, Format Version 12.00
# Visual Studio Version 16
VisualStudioVersion = 16.0.29424.173
MinimumVisualStudioVersion = 10.0.40219.1
Project("{9A19103F-16F7-4668-BE54-9A1E7A4F7556}") = "HostApp", "HostApp\HostApp.csproj", "{521C9BCC-D60A-42A6-A80B-4B7F723D0185}"
EndProject
Project("{2150E333-8FDC-42A3-9474-1A3956D46DE8}") = "Users", "Users", "{CC389892-81C9-4710-962C-3F5610F847F7}"
EndProject
Project("{2150E333-8FDC-42A3-9474-1A3956D46DE8}") = "Accounting", "Accounting", "{A28A7672-621A-4D4F-AD9A-D5782CDBE357}"
EndProject
Project("{9A19103F-16F7-4668-BE54-9A1E7A4F7556}") = "TakTec.BusinessTransactions.MoneyDeposit.Processors", "Accounting\TakTec.BusinessTransactions.MoneyDeposit.Processors\TakTec.BusinessTransactions.MoneyDeposit.Processors.csproj", "{8AF2D237-5041-4FA3-B930-2F0846AEE876}"
EndProject
Project("{9A19103F-16F7-4668-BE54-9A1E7A4F7556}") = "TakTec.Users.InitialDataSeed", "Users\TakTec.Users.InitialDataSeed\TakTec.Users.InitialDataSeed.csproj", "{9DA6E9D5-DAA4-459A-A702-BD67CE65778D}"
EndProject
Project("{9A19103F-16F7-4668-BE54-9A1E7A4F7556}") = "TakTec.BusinessTransactions.Processors.Abstraction", "Accounting\TakTec.BusinessTransactions.Processors.Abstraction\TakTec.BusinessTransactions.Processors.Abstraction.csproj", "{95AD93C2-9B42-4D9A-95D9-355E344617E6}"
EndProject
Project("{2150E333-8FDC-42A3-9474-1A3956D46DE8}") = "Core", "Core", "{813D88DF-ECC2-4FDB-A02A-5247F0ED3958}"
EndProject
Project("{9A19103F-16F7-4668-BE54-9A1E7A4F7556}") = "TacTec.APIs", "Core\TacTec.APIs\TacTec.APIs.csproj", "{A71E381F-14F6-40BB-82BD-17EC2F003C99}"
EndProject
Project("{2150E333-8FDC-42A3-9474-1A3956D46DE8}") = "Operators", "Operators", "{F8598944-FA23-4790-ABB9-14FE85B91331}"
EndProject
Project("{9A19103F-16F7-4668-BE54-9A1E7A4F7556}") = "TakTec.Operators.Backend", "Operators\TakTec.Operators.Backend\TakTec.Operators.Backend.csproj", "{4117CB63-9820-43E2-A3EA-CF4A0B62A963}"
EndProject
Project("{2150E333-8FDC-42A3-9474-1A3956D46DE8}") = "Vouchers", "Vouchers", "{00DA286F-85BD-42D7-B419-F434D632DED4}"
EndProject
Project("{9A19103F-16F7-4668-BE54-9A1E7A4F7556}") = "Vouchers.Data.Entities", "Vouchers\Vouchers.Data.Entities\Vouchers.Data.Entities.csproj", "{2A1E1017-21BE-40C1-972F-C8CBDBCB6DD7}"
EndProject
Project("{9A19103F-16F7-4668-BE54-9A1E7A4F7556}") = "Vouchers.Data.Enumerations", "Vouchers\Vouchers.Data.Enumerations\Vouchers.Data.Enumerations.csproj", "{73A392E1-CF95-449E-BE27-ED1C58F79304}"
EndProject
Project("{9A19103F-16F7-4668-BE54-9A1E7A4F7556}") = "TakTec.Data.Entities", "Operators\TakTec.Data.Entities\TakTec.Data.Entities.csproj", "{3CD6FFB6-8F04-4CFC-A2E9-3A51978C0A3E}"
EndProject
Project("{9A19103F-16F7-4668-BE54-9A1E7A4F7556}") = "TakTec.Data.Abstractions", "Operators\TakTec.Data.Abstractions\TakTec.Data.Abstractions.csproj", "{1E9B6DA7-28B3-4630-9079-1FA3C70C8495}"
EndProject
Project("{9A19103F-16F7-4668-BE54-9A1E7A4F7556}") = "TakTec.Data.EntityFramework", "Operators\TakTec.Data.EntityFramework\TakTec.Data.EntityFramework.csproj", "{2B110BE3-B2D3-4E72-8A3B-63023141E9FB}"
EndProject
Project("{9A19103F-16F7-4668-BE54-9A1E7A4F7556}") = "TakTec.Operators.BusinessLogic", "Operators\TakTec.Operators.BusinessLogic\TakTec.Operators.BusinessLogic.csproj", "{CA8013DC-2E81-40DB-9C3A-4A6FAA4E2B4A}"
EndProject
Project("{9A19103F-16F7-4668-BE54-9A1E7A4F7556}") = "TakTec.Operators.BusinessLogic.Abstraction", "Operators\TakTec.Operators.BusinessLogic.Abstraction\TakTec.Operators.BusinessLogic.Abstraction.csproj", "{C8BA5974-9AEF-49E7-AF1B-20FBC8F3D35A}"
EndProject
Project("{9A19103F-16F7-4668-BE54-9A1E7A4F7556}") = "TakTec.Operators.ViewModel", "Operators\TakTec.Operators.ViewModel\TakTec.Operators.ViewModel.csproj", "{06D4B5BB-1FCA-4EF7-B2DA-1ABF5E9B625C}"
EndProject
Project("{9A19103F-16F7-4668-BE54-9A1E7A4F7556}") = "Vouchers.BusinessLogic.Abstractions", "Vouchers\Vouchers.BusinessLogic.Abstractions\Vouchers.BusinessLogic.Abstractions.csproj", "{004F26C6-5842-4442-98BF-DCB2F420B9C7}"
EndProject
Project("{9A19103F-16F7-4668-BE54-9A1E7A4F7556}") = "Vouchers.ServiceRegistrations", "Vouchers\Vouchers.ServiceRegistrations\Vouchers.ServiceRegistrations.csproj", "{84728835-7354-44F4-8931-BFE3E2275232}"
EndProject
Project("{9A19103F-16F7-4668-BE54-9A1E7A4F7556}") = "Vouchers.Backend", "Vouchers\Vouchers.Backend\Vouchers.Backend.csproj", "{15DED929-3532-45E7-888B-6A8DDD10F1F2}"
EndProject
Project("{9A19103F-16F7-4668-BE54-9A1E7A4F7556}") = "Vouchers.BusinessLogic", "Vouchers\Vouchers.BusinessLogic\Vouchers.BusinessLogic.csproj", "{123C5D93-74DC-4884-9309-D50D96127920}"
EndProject
Project("{9A19103F-16F7-4668-BE54-9A1E7A4F7556}") = "Vouchers.Data.EntityFramework", "Vouchers\Vouchers.Data.EntityFramework\Vouchers.Data.EntityFramework.csproj", "{BFB64EBB-7B33-4858-A464-206185B1E7E3}"
EndProject
Project("{9A19103F-16F7-4668-BE54-9A1E7A4F7556}") = "TakTec.Operators.Mapper", "Operators\TakTec.Operators.Mapper\TakTec.Operators.Mapper.csproj", "{A5931C52-A41E-459E-B320-FB52957EE922}"
EndProject
Project("{FAE04EC0-301F-11D3-BF4B-00C04F79EFBC}") = "Vouchers.ViewModels", "Vouchers\Vouchers.ViewModels\Vouchers.ViewModels.csproj", "{C062B536-60E9-4650-A409-AF8C0557B7A5}"
EndProject
Global
	GlobalSection(SolutionConfigurationPlatforms) = preSolution
		Debug|Any CPU = Debug|Any CPU
		Release|Any CPU = Release|Any CPU
	EndGlobalSection
	GlobalSection(ProjectConfigurationPlatforms) = postSolution
		{521C9BCC-D60A-42A6-A80B-4B7F723D0185}.Debug|Any CPU.ActiveCfg = Debug|Any CPU
		{521C9BCC-D60A-42A6-A80B-4B7F723D0185}.Debug|Any CPU.Build.0 = Debug|Any CPU
		{521C9BCC-D60A-42A6-A80B-4B7F723D0185}.Release|Any CPU.ActiveCfg = Release|Any CPU
		{521C9BCC-D60A-42A6-A80B-4B7F723D0185}.Release|Any CPU.Build.0 = Release|Any CPU
		{8AF2D237-5041-4FA3-B930-2F0846AEE876}.Debug|Any CPU.ActiveCfg = Debug|Any CPU
		{8AF2D237-5041-4FA3-B930-2F0846AEE876}.Debug|Any CPU.Build.0 = Debug|Any CPU
		{8AF2D237-5041-4FA3-B930-2F0846AEE876}.Release|Any CPU.ActiveCfg = Release|Any CPU
		{8AF2D237-5041-4FA3-B930-2F0846AEE876}.Release|Any CPU.Build.0 = Release|Any CPU
		{9DA6E9D5-DAA4-459A-A702-BD67CE65778D}.Debug|Any CPU.ActiveCfg = Debug|Any CPU
		{9DA6E9D5-DAA4-459A-A702-BD67CE65778D}.Debug|Any CPU.Build.0 = Debug|Any CPU
		{9DA6E9D5-DAA4-459A-A702-BD67CE65778D}.Release|Any CPU.ActiveCfg = Release|Any CPU
		{9DA6E9D5-DAA4-459A-A702-BD67CE65778D}.Release|Any CPU.Build.0 = Release|Any CPU
		{95AD93C2-9B42-4D9A-95D9-355E344617E6}.Debug|Any CPU.ActiveCfg = Debug|Any CPU
		{95AD93C2-9B42-4D9A-95D9-355E344617E6}.Debug|Any CPU.Build.0 = Debug|Any CPU
		{95AD93C2-9B42-4D9A-95D9-355E344617E6}.Release|Any CPU.ActiveCfg = Release|Any CPU
		{95AD93C2-9B42-4D9A-95D9-355E344617E6}.Release|Any CPU.Build.0 = Release|Any CPU
		{A71E381F-14F6-40BB-82BD-17EC2F003C99}.Debug|Any CPU.ActiveCfg = Debug|Any CPU
		{A71E381F-14F6-40BB-82BD-17EC2F003C99}.Debug|Any CPU.Build.0 = Debug|Any CPU
		{A71E381F-14F6-40BB-82BD-17EC2F003C99}.Release|Any CPU.ActiveCfg = Release|Any CPU
		{A71E381F-14F6-40BB-82BD-17EC2F003C99}.Release|Any CPU.Build.0 = Release|Any CPU
		{4117CB63-9820-43E2-A3EA-CF4A0B62A963}.Debug|Any CPU.ActiveCfg = Debug|Any CPU
		{4117CB63-9820-43E2-A3EA-CF4A0B62A963}.Debug|Any CPU.Build.0 = Debug|Any CPU
		{4117CB63-9820-43E2-A3EA-CF4A0B62A963}.Release|Any CPU.ActiveCfg = Release|Any CPU
		{4117CB63-9820-43E2-A3EA-CF4A0B62A963}.Release|Any CPU.Build.0 = Release|Any CPU
		{2A1E1017-21BE-40C1-972F-C8CBDBCB6DD7}.Debug|Any CPU.ActiveCfg = Debug|Any CPU
		{2A1E1017-21BE-40C1-972F-C8CBDBCB6DD7}.Debug|Any CPU.Build.0 = Debug|Any CPU
		{2A1E1017-21BE-40C1-972F-C8CBDBCB6DD7}.Release|Any CPU.ActiveCfg = Release|Any CPU
		{2A1E1017-21BE-40C1-972F-C8CBDBCB6DD7}.Release|Any CPU.Build.0 = Release|Any CPU
		{73A392E1-CF95-449E-BE27-ED1C58F79304}.Debug|Any CPU.ActiveCfg = Debug|Any CPU
		{73A392E1-CF95-449E-BE27-ED1C58F79304}.Debug|Any CPU.Build.0 = Debug|Any CPU
		{73A392E1-CF95-449E-BE27-ED1C58F79304}.Release|Any CPU.ActiveCfg = Release|Any CPU
		{73A392E1-CF95-449E-BE27-ED1C58F79304}.Release|Any CPU.Build.0 = Release|Any CPU
		{3CD6FFB6-8F04-4CFC-A2E9-3A51978C0A3E}.Debug|Any CPU.ActiveCfg = Debug|Any CPU
		{3CD6FFB6-8F04-4CFC-A2E9-3A51978C0A3E}.Debug|Any CPU.Build.0 = Debug|Any CPU
		{3CD6FFB6-8F04-4CFC-A2E9-3A51978C0A3E}.Release|Any CPU.ActiveCfg = Release|Any CPU
		{3CD6FFB6-8F04-4CFC-A2E9-3A51978C0A3E}.Release|Any CPU.Build.0 = Release|Any CPU
		{1E9B6DA7-28B3-4630-9079-1FA3C70C8495}.Debug|Any CPU.ActiveCfg = Debug|Any CPU
		{1E9B6DA7-28B3-4630-9079-1FA3C70C8495}.Debug|Any CPU.Build.0 = Debug|Any CPU
		{1E9B6DA7-28B3-4630-9079-1FA3C70C8495}.Release|Any CPU.ActiveCfg = Release|Any CPU
		{1E9B6DA7-28B3-4630-9079-1FA3C70C8495}.Release|Any CPU.Build.0 = Release|Any CPU
		{2B110BE3-B2D3-4E72-8A3B-63023141E9FB}.Debug|Any CPU.ActiveCfg = Debug|Any CPU
		{2B110BE3-B2D3-4E72-8A3B-63023141E9FB}.Debug|Any CPU.Build.0 = Debug|Any CPU
		{2B110BE3-B2D3-4E72-8A3B-63023141E9FB}.Release|Any CPU.ActiveCfg = Release|Any CPU
		{2B110BE3-B2D3-4E72-8A3B-63023141E9FB}.Release|Any CPU.Build.0 = Release|Any CPU
		{CA8013DC-2E81-40DB-9C3A-4A6FAA4E2B4A}.Debug|Any CPU.ActiveCfg = Debug|Any CPU
		{CA8013DC-2E81-40DB-9C3A-4A6FAA4E2B4A}.Debug|Any CPU.Build.0 = Debug|Any CPU
		{CA8013DC-2E81-40DB-9C3A-4A6FAA4E2B4A}.Release|Any CPU.ActiveCfg = Release|Any CPU
		{CA8013DC-2E81-40DB-9C3A-4A6FAA4E2B4A}.Release|Any CPU.Build.0 = Release|Any CPU
		{C8BA5974-9AEF-49E7-AF1B-20FBC8F3D35A}.Debug|Any CPU.ActiveCfg = Debug|Any CPU
		{C8BA5974-9AEF-49E7-AF1B-20FBC8F3D35A}.Debug|Any CPU.Build.0 = Debug|Any CPU
		{C8BA5974-9AEF-49E7-AF1B-20FBC8F3D35A}.Release|Any CPU.ActiveCfg = Release|Any CPU
		{C8BA5974-9AEF-49E7-AF1B-20FBC8F3D35A}.Release|Any CPU.Build.0 = Release|Any CPU
		{06D4B5BB-1FCA-4EF7-B2DA-1ABF5E9B625C}.Debug|Any CPU.ActiveCfg = Debug|Any CPU
		{06D4B5BB-1FCA-4EF7-B2DA-1ABF5E9B625C}.Debug|Any CPU.Build.0 = Debug|Any CPU
		{06D4B5BB-1FCA-4EF7-B2DA-1ABF5E9B625C}.Release|Any CPU.ActiveCfg = Release|Any CPU
		{06D4B5BB-1FCA-4EF7-B2DA-1ABF5E9B625C}.Release|Any CPU.Build.0 = Release|Any CPU
		{004F26C6-5842-4442-98BF-DCB2F420B9C7}.Debug|Any CPU.ActiveCfg = Debug|Any CPU
		{004F26C6-5842-4442-98BF-DCB2F420B9C7}.Debug|Any CPU.Build.0 = Debug|Any CPU
		{004F26C6-5842-4442-98BF-DCB2F420B9C7}.Release|Any CPU.ActiveCfg = Release|Any CPU
		{004F26C6-5842-4442-98BF-DCB2F420B9C7}.Release|Any CPU.Build.0 = Release|Any CPU
		{84728835-7354-44F4-8931-BFE3E2275232}.Debug|Any CPU.ActiveCfg = Debug|Any CPU
		{84728835-7354-44F4-8931-BFE3E2275232}.Debug|Any CPU.Build.0 = Debug|Any CPU
		{84728835-7354-44F4-8931-BFE3E2275232}.Release|Any CPU.ActiveCfg = Release|Any CPU
		{84728835-7354-44F4-8931-BFE3E2275232}.Release|Any CPU.Build.0 = Release|Any CPU
		{15DED929-3532-45E7-888B-6A8DDD10F1F2}.Debug|Any CPU.ActiveCfg = Debug|Any CPU
		{15DED929-3532-45E7-888B-6A8DDD10F1F2}.Debug|Any CPU.Build.0 = Debug|Any CPU
		{15DED929-3532-45E7-888B-6A8DDD10F1F2}.Release|Any CPU.ActiveCfg = Release|Any CPU
		{15DED929-3532-45E7-888B-6A8DDD10F1F2}.Release|Any CPU.Build.0 = Release|Any CPU
		{123C5D93-74DC-4884-9309-D50D96127920}.Debug|Any CPU.ActiveCfg = Debug|Any CPU
		{123C5D93-74DC-4884-9309-D50D96127920}.Debug|Any CPU.Build.0 = Debug|Any CPU
		{123C5D93-74DC-4884-9309-D50D96127920}.Release|Any CPU.ActiveCfg = Release|Any CPU
		{123C5D93-74DC-4884-9309-D50D96127920}.Release|Any CPU.Build.0 = Release|Any CPU
		{BFB64EBB-7B33-4858-A464-206185B1E7E3}.Debug|Any CPU.ActiveCfg = Debug|Any CPU
		{BFB64EBB-7B33-4858-A464-206185B1E7E3}.Debug|Any CPU.Build.0 = Debug|Any CPU
		{BFB64EBB-7B33-4858-A464-206185B1E7E3}.Release|Any CPU.ActiveCfg = Release|Any CPU
		{BFB64EBB-7B33-4858-A464-206185B1E7E3}.Release|Any CPU.Build.0 = Release|Any CPU
		{A5931C52-A41E-459E-B320-FB52957EE922}.Debug|Any CPU.ActiveCfg = Debug|Any CPU
		{A5931C52-A41E-459E-B320-FB52957EE922}.Debug|Any CPU.Build.0 = Debug|Any CPU
		{A5931C52-A41E-459E-B320-FB52957EE922}.Release|Any CPU.ActiveCfg = Release|Any CPU
		{A5931C52-A41E-459E-B320-FB52957EE922}.Release|Any CPU.Build.0 = Release|Any CPU
		{C062B536-60E9-4650-A409-AF8C0557B7A5}.Debug|Any CPU.ActiveCfg = Debug|Any CPU
		{C062B536-60E9-4650-A409-AF8C0557B7A5}.Debug|Any CPU.Build.0 = Debug|Any CPU
		{C062B536-60E9-4650-A409-AF8C0557B7A5}.Release|Any CPU.ActiveCfg = Release|Any CPU
		{C062B536-60E9-4650-A409-AF8C0557B7A5}.Release|Any CPU.Build.0 = Release|Any CPU
	EndGlobalSection
	GlobalSection(SolutionProperties) = preSolution
		HideSolutionNode = FALSE
	EndGlobalSection
	GlobalSection(NestedProjects) = preSolution
		{8AF2D237-5041-4FA3-B930-2F0846AEE876} = {A28A7672-621A-4D4F-AD9A-D5782CDBE357}
		{9DA6E9D5-DAA4-459A-A702-BD67CE65778D} = {CC389892-81C9-4710-962C-3F5610F847F7}
		{95AD93C2-9B42-4D9A-95D9-355E344617E6} = {A28A7672-621A-4D4F-AD9A-D5782CDBE357}
		{A71E381F-14F6-40BB-82BD-17EC2F003C99} = {813D88DF-ECC2-4FDB-A02A-5247F0ED3958}
		{4117CB63-9820-43E2-A3EA-CF4A0B62A963} = {F8598944-FA23-4790-ABB9-14FE85B91331}
		{2A1E1017-21BE-40C1-972F-C8CBDBCB6DD7} = {00DA286F-85BD-42D7-B419-F434D632DED4}
		{73A392E1-CF95-449E-BE27-ED1C58F79304} = {00DA286F-85BD-42D7-B419-F434D632DED4}
		{3CD6FFB6-8F04-4CFC-A2E9-3A51978C0A3E} = {F8598944-FA23-4790-ABB9-14FE85B91331}
		{1E9B6DA7-28B3-4630-9079-1FA3C70C8495} = {F8598944-FA23-4790-ABB9-14FE85B91331}
		{2B110BE3-B2D3-4E72-8A3B-63023141E9FB} = {F8598944-FA23-4790-ABB9-14FE85B91331}
		{CA8013DC-2E81-40DB-9C3A-4A6FAA4E2B4A} = {F8598944-FA23-4790-ABB9-14FE85B91331}
		{C8BA5974-9AEF-49E7-AF1B-20FBC8F3D35A} = {F8598944-FA23-4790-ABB9-14FE85B91331}
		{06D4B5BB-1FCA-4EF7-B2DA-1ABF5E9B625C} = {F8598944-FA23-4790-ABB9-14FE85B91331}
		{004F26C6-5842-4442-98BF-DCB2F420B9C7} = {00DA286F-85BD-42D7-B419-F434D632DED4}
		{84728835-7354-44F4-8931-BFE3E2275232} = {00DA286F-85BD-42D7-B419-F434D632DED4}
		{15DED929-3532-45E7-888B-6A8DDD10F1F2} = {00DA286F-85BD-42D7-B419-F434D632DED4}
		{123C5D93-74DC-4884-9309-D50D96127920} = {00DA286F-85BD-42D7-B419-F434D632DED4}
		{BFB64EBB-7B33-4858-A464-206185B1E7E3} = {00DA286F-85BD-42D7-B419-F434D632DED4}
		{A5931C52-A41E-459E-B320-FB52957EE922} = {F8598944-FA23-4790-ABB9-14FE85B91331}
		{C062B536-60E9-4650-A409-AF8C0557B7A5} = {00DA286F-85BD-42D7-B419-F434D632DED4}
	EndGlobalSection
	GlobalSection(ExtensibilityGlobals) = postSolution
		SolutionGuid = {E9E686B4-CC76-435F-B915-E2FA0F0D7C71}
	EndGlobalSection
EndGlobal
