
Microsoft Visual Studio Solution File, Format Version 12.00
# Visual Studio Version 16
VisualStudioVersion = 16.0.29424.173
MinimumVisualStudioVersion = 10.0.40219.1
Project("{9A19103F-16F7-4668-BE54-9A1E7A4F7556}") = "HostApp", "HostApp\HostApp.csproj", "{521C9BCC-D60A-42A6-A80B-4B7F723D0185}"
EndProject
Project("{2150E333-8FDC-42A3-9474-1A3956D46DE8}") = "Users", "Users", "{CC389892-81C9-4710-962C-3F5610F847F7}"
EndProject
Project("{2150E333-8FDC-42A3-9474-1A3956D46DE8}") = "Accounting", "Accounting", "{A28A7672-621A-4D4F-AD9A-D5782CDBE357}"
EndProject
Project("{9A19103F-16F7-4668-BE54-9A1E7A4F7556}") = "TakTec.BusinessTransactions.MoneyDeposit.Processors", "Accounting\TakTec.BusinessTransactions.MoneyDeposit.Processors\TakTec.BusinessTransactions.MoneyDeposit.Processors.csproj", "{8AF2D237-5041-4FA3-B930-2F0846AEE876}"
EndProject
Project("{9A19103F-16F7-4668-BE54-9A1E7A4F7556}") = "TakTec.Users.InitialDataSeed", "Users\TakTec.Users.InitialDataSeed\TakTec.Users.InitialDataSeed.csproj", "{9DA6E9D5-DAA4-459A-A702-BD67CE65778D}"
EndProject
Project("{9A19103F-16F7-4668-BE54-9A1E7A4F7556}") = "TakTec.BusinessTransactions.Processors.Abstraction", "Accounting\TakTec.BusinessTransactions.Processors.Abstraction\TakTec.BusinessTransactions.Processors.Abstraction.csproj", "{95AD93C2-9B42-4D9A-95D9-355E344617E6}"
EndProject
Project("{2150E333-8FDC-42A3-9474-1A3956D46DE8}") = "Core", "Core", "{813D88DF-ECC2-4FDB-A02A-5247F0ED3958}"
EndProject
Project("{2150E333-8FDC-42A3-9474-1A3956D46DE8}") = "Operators", "Operators", "{F8598944-FA23-4790-ABB9-14FE85B91331}"
EndProject
Project("{9A19103F-16F7-4668-BE54-9A1E7A4F7556}") = "TakTec.Operators.Backend", "Operators\TakTec.Operators.Backend\TakTec.Operators.Backend.csproj", "{4117CB63-9820-43E2-A3EA-CF4A0B62A963}"
EndProject
Project("{2150E333-8FDC-42A3-9474-1A3956D46DE8}") = "Vouchers", "Vouchers", "{00DA286F-85BD-42D7-B419-F434D632DED4}"
EndProject
Project("{9A19103F-16F7-4668-BE54-9A1E7A4F7556}") = "Vouchers.Data.Entities", "Vouchers\Vouchers.Data.Entities\Vouchers.Data.Entities.csproj", "{2A1E1017-21BE-40C1-972F-C8CBDBCB6DD7}"
EndProject
Project("{9A19103F-16F7-4668-BE54-9A1E7A4F7556}") = "Vouchers.Data.Enumerations", "Vouchers\Vouchers.Data.Enumerations\Vouchers.Data.Enumerations.csproj", "{73A392E1-CF95-449E-BE27-ED1C58F79304}"
EndProject
Project("{9A19103F-16F7-4668-BE54-9A1E7A4F7556}") = "TakTec.Operators.Entities", "Operators\TakTec.Operators.Entities\TakTec.Operators.Entities.csproj", "{3CD6FFB6-8F04-4CFC-A2E9-3A51978C0A3E}"
EndProject
Project("{9A19103F-16F7-4668-BE54-9A1E7A4F7556}") = "TakTec.Operators.Abstractions", "Operators\TakTec.Operators.Abstractions\TakTec.Operators.Abstractions.csproj", "{1E9B6DA7-28B3-4630-9079-1FA3C70C8495}"
EndProject
Project("{9A19103F-16F7-4668-BE54-9A1E7A4F7556}") = "TakTec.Operators.EntityFramework", "Operators\TakTec.Operators.EntityFramework\TakTec.Operators.EntityFramework.csproj", "{2B110BE3-B2D3-4E72-8A3B-63023141E9FB}"
EndProject
Project("{9A19103F-16F7-4668-BE54-9A1E7A4F7556}") = "TakTec.Operators.BusinessLogic", "Operators\TakTec.Operators.BusinessLogic\TakTec.Operators.BusinessLogic.csproj", "{CA8013DC-2E81-40DB-9C3A-4A6FAA4E2B4A}"
EndProject
Project("{9A19103F-16F7-4668-BE54-9A1E7A4F7556}") = "TakTec.Operators.BusinessLogic.Abstraction", "Operators\TakTec.Operators.BusinessLogic.Abstraction\TakTec.Operators.BusinessLogic.Abstraction.csproj", "{C8BA5974-9AEF-49E7-AF1B-20FBC8F3D35A}"
EndProject
Project("{9A19103F-16F7-4668-BE54-9A1E7A4F7556}") = "TakTec.Operators.ViewModel", "Operators\TakTec.Operators.ViewModel\TakTec.Operators.ViewModel.csproj", "{06D4B5BB-1FCA-4EF7-B2DA-1ABF5E9B625C}"
EndProject
Project("{9A19103F-16F7-4668-BE54-9A1E7A4F7556}") = "Vouchers.BusinessLogic.Abstractions", "Vouchers\Vouchers.BusinessLogic.Abstractions\Vouchers.BusinessLogic.Abstractions.csproj", "{004F26C6-5842-4442-98BF-DCB2F420B9C7}"
EndProject
Project("{9A19103F-16F7-4668-BE54-9A1E7A4F7556}") = "Vouchers.ServiceRegistrations", "Vouchers\Vouchers.ServiceRegistrations\Vouchers.ServiceRegistrations.csproj", "{84728835-7354-44F4-8931-BFE3E2275232}"
EndProject
Project("{9A19103F-16F7-4668-BE54-9A1E7A4F7556}") = "Vouchers.Backend", "Vouchers\Vouchers.Backend\Vouchers.Backend.csproj", "{15DED929-3532-45E7-888B-6A8DDD10F1F2}"
EndProject
Project("{9A19103F-16F7-4668-BE54-9A1E7A4F7556}") = "Vouchers.BusinessLogic", "Vouchers\Vouchers.BusinessLogic\Vouchers.BusinessLogic.csproj", "{123C5D93-74DC-4884-9309-D50D96127920}"
EndProject
Project("{9A19103F-16F7-4668-BE54-9A1E7A4F7556}") = "Vouchers.Data.EntityFramework", "Vouchers\Vouchers.Data.EntityFramework\Vouchers.Data.EntityFramework.csproj", "{BFB64EBB-7B33-4858-A464-206185B1E7E3}"
EndProject
Project("{9A19103F-16F7-4668-BE54-9A1E7A4F7556}") = "TakTec.Operators.Mapper", "Operators\TakTec.Operators.Mapper\TakTec.Operators.Mapper.csproj", "{A5931C52-A41E-459E-B320-FB52957EE922}"
EndProject
Project("{9A19103F-16F7-4668-BE54-9A1E7A4F7556}") = "Vouchers.ViewModels", "Vouchers\Vouchers.ViewModels\Vouchers.ViewModels.csproj", "{C062B536-60E9-4650-A409-AF8C0557B7A5}"
EndProject
Project("{9A19103F-16F7-4668-BE54-9A1E7A4F7556}") = "Vouchers.Configurations", "Vouchers\Vouchers.Configurations\Vouchers.Configurations.csproj", "{50C02830-1606-4BC3-A56F-F0FFB09A1624}"
EndProject
Project("{9A19103F-16F7-4668-BE54-9A1E7A4F7556}") = "Vouchers.Data.Abstractions", "Vouchers\Vouchers.Data.Abstractions\Vouchers.Data.Abstractions.csproj", "{F58F5BDF-1FE7-4BCA-86EA-667F7C052DF5}"
EndProject
Project("{2150E333-8FDC-42A3-9474-1A3956D46DE8}") = "Testes", "Testes", "{321F2E5C-E25C-47F9-951D-C2BFB85FB12B}"
EndProject
Project("{9A19103F-16F7-4668-BE54-9A1E7A4F7556}") = "Vouchers.BusinessLogic.Testes", "Testes\Vouchers.BusinessLogic.Testes\Vouchers.BusinessLogic.Testes.csproj", "{0D325C5A-1A86-43C2-9CB4-32751E560E0D}"
EndProject
Project("{9A19103F-16F7-4668-BE54-9A1E7A4F7556}") = "Vouchers.ObjectMapper", "Vouchers\Vouchers.ObjectMapper\Vouchers.ObjectMapper.csproj", "{7B0CD96A-72F1-4214-9C6F-3004876FF2AA}"
EndProject
Project("{9A19103F-16F7-4668-BE54-9A1E7A4F7556}") = "TaKTec.Core.APIs", "Core\TaKTec.Core.APIs\TaKTec.Core.APIs.csproj", "{61723F73-0F06-4B6F-BFD6-01C90CB32151}"
EndProject
Project("{9A19103F-16F7-4668-BE54-9A1E7A4F7556}") = "TakTec.Core.Security", "Core\TakTec.Core.Security\TakTec.Core.Security.csproj", "{74C9BFD7-0ABC-4CFC-87EE-D288DF7FCBF8}"
EndProject
Project("{9A19103F-16F7-4668-BE54-9A1E7A4F7556}") = "TakTec.Users.BusinessLogic", "Users\TakTec.Users.BusinessLogic\TakTec.Users.BusinessLogic.csproj", "{E6454140-E3BD-4F9F-8A5A-F08C51AF4480}"
EndProject
Project("{9A19103F-16F7-4668-BE54-9A1E7A4F7556}") = "TakTec.Users.ServiceRegistrations", "Users\TakTec.Users.ServiceRegistrations\TakTec.Users.ServiceRegistrations.csproj", "{1A7AD94A-087F-4722-BE6F-F5A45AFEDEBF}"
EndProject
Project("{9A19103F-16F7-4668-BE54-9A1E7A4F7556}") = "TakTec.Users.Constants", "Users\TakTec.Users.Constants\TakTec.Users.Constants.csproj", "{CBEA275B-C4D2-4FCE-8B4A-907E7BA53066}"
EndProject
Project("{2150E333-8FDC-42A3-9474-1A3956D46DE8}") = "PurchaseOrders", "PurchaseOrders", "{8ADC5C78-0750-4DF4-B035-4B08E6318D9B}"
EndProject
Project("{9A19103F-16F7-4668-BE54-9A1E7A4F7556}") = "TakTec.PurchaseOrders.Entities", "PurchaseOrders\TakTec.PurchaseOrders.Entities\TakTec.PurchaseOrders.Entities.csproj", "{580F1524-7141-46A5-8002-3500271B9055}"
EndProject
Project("{9A19103F-16F7-4668-BE54-9A1E7A4F7556}") = "TakTec.PurchaseOrders.Backend", "PurchaseOrders\TakTec.PurchaseOrders.Backend\TakTec.PurchaseOrders.Backend.csproj", "{4D26CE1A-DEA8-4A89-96EF-34BE707F975F}"
EndProject
Project("{9A19103F-16F7-4668-BE54-9A1E7A4F7556}") = "TakTec.PurchaseOrders.ViewModels", "PurchaseOrders\TakTec.PurchaseOrders.ViewModels\TakTec.PurchaseOrders.ViewModels.csproj", "{3C366935-608C-4CF8-8C9B-15D536EF1ADA}"
EndProject
Project("{9A19103F-16F7-4668-BE54-9A1E7A4F7556}") = "TakTec.PurchaseOrders.EntityFramework", "PurchaseOrders\TakTec.PurchaseOrders.EntityFramework\TakTec.PurchaseOrders.EntityFramework.csproj", "{801F76C5-77C1-43A5-891E-008015EC3569}"
EndProject
Project("{9A19103F-16F7-4668-BE54-9A1E7A4F7556}") = "TakTec.PurchaseOrders.Enumerations", "PurchaseOrders\TakTec.PurchaseOrders.Enumerations\TakTec.PurchaseOrders.Enumerations.csproj", "{61A83F61-AF62-4C66-B458-F7F2E522223E}"
EndProject
Project("{9A19103F-16F7-4668-BE54-9A1E7A4F7556}") = "TakTec.Users.ViewModels", "Users\TakTec.Users.ViewModels\TakTec.Users.ViewModels.csproj", "{45654E1E-815A-4B43-A025-5153F4D48D8C}"
EndProject
Project("{9A19103F-16F7-4668-BE54-9A1E7A4F7556}") = "TakTec.Users.BusinessLogic.Abstractions", "Users\TakTec.Users.BusinessLogic.Abstractions\TakTec.Users.BusinessLogic.Abstractions.csproj", "{CE4BF0D5-4C8F-44A9-AC74-97718386A882}"
EndProject
Project("{2150E333-8FDC-42A3-9474-1A3956D46DE8}") = "RetailerPlans", "RetailerPlans", "{2D3E4BE8-6CD9-4DF2-951F-D9B4E0DBC72A}"
EndProject
Project("{9A19103F-16F7-4668-BE54-9A1E7A4F7556}") = "TakTec.PurchaseOrders.ObjectMappers", "PurchaseOrders\TakTec.PurchaseOrders.ObjectMappers\TakTec.PurchaseOrders.ObjectMappers.csproj", "{5E7B894A-E6D4-4990-80CA-AE8D4BB80DB2}"
EndProject
Project("{9A19103F-16F7-4668-BE54-9A1E7A4F7556}") = "TakTec.Operators.ServiceRegistrations", "Operators\TakTec.Operators.ServiceRegistrations\TakTec.Operators.ServiceRegistrations.csproj", "{5505652F-C8EB-421C-89B5-FEA9ECF9F937}"
EndProject
Project("{9A19103F-16F7-4668-BE54-9A1E7A4F7556}") = "Vouchers.SignalHub.EndPoints", "Vouchers\Vouchers.SignalHub.EndPoints\Vouchers.SignalHub.EndPoints.csproj", "{8C470557-B420-4037-A117-A5764209A3CE}"
EndProject
Project("{9A19103F-16F7-4668-BE54-9A1E7A4F7556}") = "Vouchers.Shared.ViewModels", "Vouchers\Vouchers.Shared.ViewModels\Vouchers.Shared.ViewModels.csproj", "{67B827D6-F40A-4E56-8F5C-511FAC2D1DB7}"
EndProject
Project("{9A19103F-16F7-4668-BE54-9A1E7A4F7556}") = "TakTec.RetailerPlans.ViewModels", "RetailerPlans\TakTec.RetailerPlans.ViewModels\TakTec.RetailerPlans.ViewModels.csproj", "{58B1103D-5B78-484D-86A8-B74E27E23D48}"
EndProject
Project("{9A19103F-16F7-4668-BE54-9A1E7A4F7556}") = "TakTec.RetailerPlans.Enumerations", "RetailerPlans\TakTec.RetailerPlans.Enumerations\TakTec.RetailerPlans.Enumerations.csproj", "{60238086-47C4-444E-863D-DBB907A83894}"
EndProject
Project("{9A19103F-16F7-4668-BE54-9A1E7A4F7556}") = "TakTec.RetailerPlans.EntityFramework", "RetailerPlans\TakTec.RetailerPlans.EntityFramework\TakTec.RetailerPlans.EntityFramework.csproj", "{25ED339F-1CA0-42E1-BB7A-B5333454870F}"
EndProject
Project("{9A19103F-16F7-4668-BE54-9A1E7A4F7556}") = "TakTec.RetailerPlans.BusinessLogic.Abstraction", "RetailerPlans\TakTec.RetailerPlans.BusinessLogic.Abstraction\TakTec.RetailerPlans.BusinessLogic.Abstraction.csproj", "{232D0F53-66FE-4F5C-A470-09292C8747A9}"
EndProject
Project("{9A19103F-16F7-4668-BE54-9A1E7A4F7556}") = "TakTec.RetailerPlans.Abstractions", "RetailerPlans\TakTec.RetailerPlans.Abstractions\TakTec.RetailerPlans.Abstractions.csproj", "{01ED6364-DB27-43CE-85DF-79F557B3F39B}"
EndProject
Project("{9A19103F-16F7-4668-BE54-9A1E7A4F7556}") = "TakTec.RetailerPlans.Backend", "RetailerPlans\TakTec.RetailerPlans.Backend\TakTec.RetailerPlans.Backend.csproj", "{513D277D-85AC-42E6-ADA3-C4AF6BD334B0}"
EndProject
Project("{9A19103F-16F7-4668-BE54-9A1E7A4F7556}") = "TakTec.RetailerPlans.Mapper", "RetailerPlans\TakTec.RetailerPlans.Mapper\TakTec.RetailerPlans.Mapper.csproj", "{6FFD538C-381F-4416-8E6A-E1AFD7B0376C}"
EndProject
Project("{9A19103F-16F7-4668-BE54-9A1E7A4F7556}") = "TakTec.RetailerPlans.ServiceRegistrations", "RetailerPlans\TakTec.RetailerPlans.ServiceRegistrations\TakTec.RetailerPlans.ServiceRegistrations.csproj", "{713A7788-B936-4048-B49C-F806E199A4A5}"
EndProject
Project("{9A19103F-16F7-4668-BE54-9A1E7A4F7556}") = "TakTec.RetailerPlans.BusinessLogic", "RetailerPlans\TakTec.RetailerPlans.BusinessLogic\TakTec.RetailerPlans.BusinessLogic.csproj", "{13ED4923-6C71-494D-936A-B3351DC644F0}"
EndProject
Project("{9A19103F-16F7-4668-BE54-9A1E7A4F7556}") = "TakTec.RetailerPlans.Entities", "RetailerPlans\TakTec.RetailerPlans.Entities\TakTec.RetailerPlans.Entities.csproj", "{D825DF97-113B-4FF8-BEE0-4DD360C32ED7}"
EndProject
Project("{9A19103F-16F7-4668-BE54-9A1E7A4F7556}") = "TakTec.PurchaseOrders.ServiceRegistrations", "PurchaseOrders\TakTec.PurchaseOrders.ServiceRegistrations\TakTec.PurchaseOrders.ServiceRegistrations.csproj", "{73341581-2F64-4BFC-9DED-62B7287EB88A}"
EndProject
Project("{9A19103F-16F7-4668-BE54-9A1E7A4F7556}") = "TakTec.PurchaseOrders.BusinessLogic.Abstractions", "PurchaseOrders\TakTec.PurchaseOrders.BusinessLogic.Abstractions\TakTec.PurchaseOrders.BusinessLogic.Abstractions.csproj", "{71F2FC7D-AA20-48F1-B41D-0B57B7DE2FB1}"
EndProject
Project("{9A19103F-16F7-4668-BE54-9A1E7A4F7556}") = "TakTec.PurchaseOrders.BusinessLogic", "PurchaseOrders\TakTec.PurchaseOrders.BusinessLogic\TakTec.PurchaseOrders.BusinessLogic.csproj", "{5D1B5051-462D-4691-B548-3FE8C2C94E4B}"
EndProject
Global
	GlobalSection(SolutionConfigurationPlatforms) = preSolution
		Debug|Any CPU = Debug|Any CPU
		Release|Any CPU = Release|Any CPU
	EndGlobalSection
	GlobalSection(ProjectConfigurationPlatforms) = postSolution
		{521C9BCC-D60A-42A6-A80B-4B7F723D0185}.Debug|Any CPU.ActiveCfg = Debug|Any CPU
		{521C9BCC-D60A-42A6-A80B-4B7F723D0185}.Debug|Any CPU.Build.0 = Debug|Any CPU
		{521C9BCC-D60A-42A6-A80B-4B7F723D0185}.Release|Any CPU.ActiveCfg = Release|Any CPU
		{521C9BCC-D60A-42A6-A80B-4B7F723D0185}.Release|Any CPU.Build.0 = Release|Any CPU
		{8AF2D237-5041-4FA3-B930-2F0846AEE876}.Debug|Any CPU.ActiveCfg = Debug|Any CPU
		{8AF2D237-5041-4FA3-B930-2F0846AEE876}.Debug|Any CPU.Build.0 = Debug|Any CPU
		{8AF2D237-5041-4FA3-B930-2F0846AEE876}.Release|Any CPU.ActiveCfg = Release|Any CPU
		{8AF2D237-5041-4FA3-B930-2F0846AEE876}.Release|Any CPU.Build.0 = Release|Any CPU
		{9DA6E9D5-DAA4-459A-A702-BD67CE65778D}.Debug|Any CPU.ActiveCfg = Debug|Any CPU
		{9DA6E9D5-DAA4-459A-A702-BD67CE65778D}.Debug|Any CPU.Build.0 = Debug|Any CPU
		{9DA6E9D5-DAA4-459A-A702-BD67CE65778D}.Release|Any CPU.ActiveCfg = Release|Any CPU
		{9DA6E9D5-DAA4-459A-A702-BD67CE65778D}.Release|Any CPU.Build.0 = Release|Any CPU
		{95AD93C2-9B42-4D9A-95D9-355E344617E6}.Debug|Any CPU.ActiveCfg = Debug|Any CPU
		{95AD93C2-9B42-4D9A-95D9-355E344617E6}.Debug|Any CPU.Build.0 = Debug|Any CPU
		{95AD93C2-9B42-4D9A-95D9-355E344617E6}.Release|Any CPU.ActiveCfg = Release|Any CPU
		{95AD93C2-9B42-4D9A-95D9-355E344617E6}.Release|Any CPU.Build.0 = Release|Any CPU
		{4117CB63-9820-43E2-A3EA-CF4A0B62A963}.Debug|Any CPU.ActiveCfg = Debug|Any CPU
		{4117CB63-9820-43E2-A3EA-CF4A0B62A963}.Debug|Any CPU.Build.0 = Debug|Any CPU
		{4117CB63-9820-43E2-A3EA-CF4A0B62A963}.Release|Any CPU.ActiveCfg = Release|Any CPU
		{4117CB63-9820-43E2-A3EA-CF4A0B62A963}.Release|Any CPU.Build.0 = Release|Any CPU
		{2A1E1017-21BE-40C1-972F-C8CBDBCB6DD7}.Debug|Any CPU.ActiveCfg = Debug|Any CPU
		{2A1E1017-21BE-40C1-972F-C8CBDBCB6DD7}.Debug|Any CPU.Build.0 = Debug|Any CPU
		{2A1E1017-21BE-40C1-972F-C8CBDBCB6DD7}.Release|Any CPU.ActiveCfg = Release|Any CPU
		{2A1E1017-21BE-40C1-972F-C8CBDBCB6DD7}.Release|Any CPU.Build.0 = Release|Any CPU
		{73A392E1-CF95-449E-BE27-ED1C58F79304}.Debug|Any CPU.ActiveCfg = Debug|Any CPU
		{73A392E1-CF95-449E-BE27-ED1C58F79304}.Debug|Any CPU.Build.0 = Debug|Any CPU
		{73A392E1-CF95-449E-BE27-ED1C58F79304}.Release|Any CPU.ActiveCfg = Release|Any CPU
		{73A392E1-CF95-449E-BE27-ED1C58F79304}.Release|Any CPU.Build.0 = Release|Any CPU
		{3CD6FFB6-8F04-4CFC-A2E9-3A51978C0A3E}.Debug|Any CPU.ActiveCfg = Debug|Any CPU
		{3CD6FFB6-8F04-4CFC-A2E9-3A51978C0A3E}.Debug|Any CPU.Build.0 = Debug|Any CPU
		{3CD6FFB6-8F04-4CFC-A2E9-3A51978C0A3E}.Release|Any CPU.ActiveCfg = Release|Any CPU
		{3CD6FFB6-8F04-4CFC-A2E9-3A51978C0A3E}.Release|Any CPU.Build.0 = Release|Any CPU
		{1E9B6DA7-28B3-4630-9079-1FA3C70C8495}.Debug|Any CPU.ActiveCfg = Debug|Any CPU
		{1E9B6DA7-28B3-4630-9079-1FA3C70C8495}.Debug|Any CPU.Build.0 = Debug|Any CPU
		{1E9B6DA7-28B3-4630-9079-1FA3C70C8495}.Release|Any CPU.ActiveCfg = Release|Any CPU
		{1E9B6DA7-28B3-4630-9079-1FA3C70C8495}.Release|Any CPU.Build.0 = Release|Any CPU
		{2B110BE3-B2D3-4E72-8A3B-63023141E9FB}.Debug|Any CPU.ActiveCfg = Debug|Any CPU
		{2B110BE3-B2D3-4E72-8A3B-63023141E9FB}.Debug|Any CPU.Build.0 = Debug|Any CPU
		{2B110BE3-B2D3-4E72-8A3B-63023141E9FB}.Release|Any CPU.ActiveCfg = Release|Any CPU
		{2B110BE3-B2D3-4E72-8A3B-63023141E9FB}.Release|Any CPU.Build.0 = Release|Any CPU
		{CA8013DC-2E81-40DB-9C3A-4A6FAA4E2B4A}.Debug|Any CPU.ActiveCfg = Debug|Any CPU
		{CA8013DC-2E81-40DB-9C3A-4A6FAA4E2B4A}.Debug|Any CPU.Build.0 = Debug|Any CPU
		{CA8013DC-2E81-40DB-9C3A-4A6FAA4E2B4A}.Release|Any CPU.ActiveCfg = Release|Any CPU
		{CA8013DC-2E81-40DB-9C3A-4A6FAA4E2B4A}.Release|Any CPU.Build.0 = Release|Any CPU
		{C8BA5974-9AEF-49E7-AF1B-20FBC8F3D35A}.Debug|Any CPU.ActiveCfg = Debug|Any CPU
		{C8BA5974-9AEF-49E7-AF1B-20FBC8F3D35A}.Debug|Any CPU.Build.0 = Debug|Any CPU
		{C8BA5974-9AEF-49E7-AF1B-20FBC8F3D35A}.Release|Any CPU.ActiveCfg = Release|Any CPU
		{C8BA5974-9AEF-49E7-AF1B-20FBC8F3D35A}.Release|Any CPU.Build.0 = Release|Any CPU
		{06D4B5BB-1FCA-4EF7-B2DA-1ABF5E9B625C}.Debug|Any CPU.ActiveCfg = Debug|Any CPU
		{06D4B5BB-1FCA-4EF7-B2DA-1ABF5E9B625C}.Debug|Any CPU.Build.0 = Debug|Any CPU
		{06D4B5BB-1FCA-4EF7-B2DA-1ABF5E9B625C}.Release|Any CPU.ActiveCfg = Release|Any CPU
		{06D4B5BB-1FCA-4EF7-B2DA-1ABF5E9B625C}.Release|Any CPU.Build.0 = Release|Any CPU
		{004F26C6-5842-4442-98BF-DCB2F420B9C7}.Debug|Any CPU.ActiveCfg = Debug|Any CPU
		{004F26C6-5842-4442-98BF-DCB2F420B9C7}.Debug|Any CPU.Build.0 = Debug|Any CPU
		{004F26C6-5842-4442-98BF-DCB2F420B9C7}.Release|Any CPU.ActiveCfg = Release|Any CPU
		{004F26C6-5842-4442-98BF-DCB2F420B9C7}.Release|Any CPU.Build.0 = Release|Any CPU
		{84728835-7354-44F4-8931-BFE3E2275232}.Debug|Any CPU.ActiveCfg = Debug|Any CPU
		{84728835-7354-44F4-8931-BFE3E2275232}.Debug|Any CPU.Build.0 = Debug|Any CPU
		{84728835-7354-44F4-8931-BFE3E2275232}.Release|Any CPU.ActiveCfg = Release|Any CPU
		{84728835-7354-44F4-8931-BFE3E2275232}.Release|Any CPU.Build.0 = Release|Any CPU
		{15DED929-3532-45E7-888B-6A8DDD10F1F2}.Debug|Any CPU.ActiveCfg = Debug|Any CPU
		{15DED929-3532-45E7-888B-6A8DDD10F1F2}.Debug|Any CPU.Build.0 = Debug|Any CPU
		{15DED929-3532-45E7-888B-6A8DDD10F1F2}.Release|Any CPU.ActiveCfg = Release|Any CPU
		{15DED929-3532-45E7-888B-6A8DDD10F1F2}.Release|Any CPU.Build.0 = Release|Any CPU
		{123C5D93-74DC-4884-9309-D50D96127920}.Debug|Any CPU.ActiveCfg = Debug|Any CPU
		{123C5D93-74DC-4884-9309-D50D96127920}.Debug|Any CPU.Build.0 = Debug|Any CPU
		{123C5D93-74DC-4884-9309-D50D96127920}.Release|Any CPU.ActiveCfg = Release|Any CPU
		{123C5D93-74DC-4884-9309-D50D96127920}.Release|Any CPU.Build.0 = Release|Any CPU
		{BFB64EBB-7B33-4858-A464-206185B1E7E3}.Debug|Any CPU.ActiveCfg = Debug|Any CPU
		{BFB64EBB-7B33-4858-A464-206185B1E7E3}.Debug|Any CPU.Build.0 = Debug|Any CPU
		{BFB64EBB-7B33-4858-A464-206185B1E7E3}.Release|Any CPU.ActiveCfg = Release|Any CPU
		{BFB64EBB-7B33-4858-A464-206185B1E7E3}.Release|Any CPU.Build.0 = Release|Any CPU
		{A5931C52-A41E-459E-B320-FB52957EE922}.Debug|Any CPU.ActiveCfg = Debug|Any CPU
		{A5931C52-A41E-459E-B320-FB52957EE922}.Debug|Any CPU.Build.0 = Debug|Any CPU
		{A5931C52-A41E-459E-B320-FB52957EE922}.Release|Any CPU.ActiveCfg = Release|Any CPU
		{A5931C52-A41E-459E-B320-FB52957EE922}.Release|Any CPU.Build.0 = Release|Any CPU
		{C062B536-60E9-4650-A409-AF8C0557B7A5}.Debug|Any CPU.ActiveCfg = Debug|Any CPU
		{C062B536-60E9-4650-A409-AF8C0557B7A5}.Debug|Any CPU.Build.0 = Debug|Any CPU
		{C062B536-60E9-4650-A409-AF8C0557B7A5}.Release|Any CPU.ActiveCfg = Release|Any CPU
		{C062B536-60E9-4650-A409-AF8C0557B7A5}.Release|Any CPU.Build.0 = Release|Any CPU
		{50C02830-1606-4BC3-A56F-F0FFB09A1624}.Debug|Any CPU.ActiveCfg = Debug|Any CPU
		{50C02830-1606-4BC3-A56F-F0FFB09A1624}.Debug|Any CPU.Build.0 = Debug|Any CPU
		{50C02830-1606-4BC3-A56F-F0FFB09A1624}.Release|Any CPU.ActiveCfg = Release|Any CPU
		{50C02830-1606-4BC3-A56F-F0FFB09A1624}.Release|Any CPU.Build.0 = Release|Any CPU
		{F58F5BDF-1FE7-4BCA-86EA-667F7C052DF5}.Debug|Any CPU.ActiveCfg = Debug|Any CPU
		{F58F5BDF-1FE7-4BCA-86EA-667F7C052DF5}.Debug|Any CPU.Build.0 = Debug|Any CPU
		{F58F5BDF-1FE7-4BCA-86EA-667F7C052DF5}.Release|Any CPU.ActiveCfg = Release|Any CPU
		{F58F5BDF-1FE7-4BCA-86EA-667F7C052DF5}.Release|Any CPU.Build.0 = Release|Any CPU
		{0D325C5A-1A86-43C2-9CB4-32751E560E0D}.Debug|Any CPU.ActiveCfg = Debug|Any CPU
		{0D325C5A-1A86-43C2-9CB4-32751E560E0D}.Debug|Any CPU.Build.0 = Debug|Any CPU
		{0D325C5A-1A86-43C2-9CB4-32751E560E0D}.Release|Any CPU.ActiveCfg = Release|Any CPU
		{0D325C5A-1A86-43C2-9CB4-32751E560E0D}.Release|Any CPU.Build.0 = Release|Any CPU
		{7B0CD96A-72F1-4214-9C6F-3004876FF2AA}.Debug|Any CPU.ActiveCfg = Debug|Any CPU
		{7B0CD96A-72F1-4214-9C6F-3004876FF2AA}.Debug|Any CPU.Build.0 = Debug|Any CPU
		{7B0CD96A-72F1-4214-9C6F-3004876FF2AA}.Release|Any CPU.ActiveCfg = Release|Any CPU
		{7B0CD96A-72F1-4214-9C6F-3004876FF2AA}.Release|Any CPU.Build.0 = Release|Any CPU
		{61723F73-0F06-4B6F-BFD6-01C90CB32151}.Debug|Any CPU.ActiveCfg = Debug|Any CPU
		{61723F73-0F06-4B6F-BFD6-01C90CB32151}.Debug|Any CPU.Build.0 = Debug|Any CPU
		{61723F73-0F06-4B6F-BFD6-01C90CB32151}.Release|Any CPU.ActiveCfg = Release|Any CPU
		{61723F73-0F06-4B6F-BFD6-01C90CB32151}.Release|Any CPU.Build.0 = Release|Any CPU
		{74C9BFD7-0ABC-4CFC-87EE-D288DF7FCBF8}.Debug|Any CPU.ActiveCfg = Debug|Any CPU
		{74C9BFD7-0ABC-4CFC-87EE-D288DF7FCBF8}.Debug|Any CPU.Build.0 = Debug|Any CPU
		{74C9BFD7-0ABC-4CFC-87EE-D288DF7FCBF8}.Release|Any CPU.ActiveCfg = Release|Any CPU
		{74C9BFD7-0ABC-4CFC-87EE-D288DF7FCBF8}.Release|Any CPU.Build.0 = Release|Any CPU
		{E6454140-E3BD-4F9F-8A5A-F08C51AF4480}.Debug|Any CPU.ActiveCfg = Debug|Any CPU
		{E6454140-E3BD-4F9F-8A5A-F08C51AF4480}.Debug|Any CPU.Build.0 = Debug|Any CPU
		{E6454140-E3BD-4F9F-8A5A-F08C51AF4480}.Release|Any CPU.ActiveCfg = Release|Any CPU
		{E6454140-E3BD-4F9F-8A5A-F08C51AF4480}.Release|Any CPU.Build.0 = Release|Any CPU
		{1A7AD94A-087F-4722-BE6F-F5A45AFEDEBF}.Debug|Any CPU.ActiveCfg = Debug|Any CPU
		{1A7AD94A-087F-4722-BE6F-F5A45AFEDEBF}.Debug|Any CPU.Build.0 = Debug|Any CPU
		{1A7AD94A-087F-4722-BE6F-F5A45AFEDEBF}.Release|Any CPU.ActiveCfg = Release|Any CPU
		{1A7AD94A-087F-4722-BE6F-F5A45AFEDEBF}.Release|Any CPU.Build.0 = Release|Any CPU
		{CBEA275B-C4D2-4FCE-8B4A-907E7BA53066}.Debug|Any CPU.ActiveCfg = Debug|Any CPU
		{CBEA275B-C4D2-4FCE-8B4A-907E7BA53066}.Debug|Any CPU.Build.0 = Debug|Any CPU
		{CBEA275B-C4D2-4FCE-8B4A-907E7BA53066}.Release|Any CPU.ActiveCfg = Release|Any CPU
		{CBEA275B-C4D2-4FCE-8B4A-907E7BA53066}.Release|Any CPU.Build.0 = Release|Any CPU
		{580F1524-7141-46A5-8002-3500271B9055}.Debug|Any CPU.ActiveCfg = Debug|Any CPU
		{580F1524-7141-46A5-8002-3500271B9055}.Debug|Any CPU.Build.0 = Debug|Any CPU
		{580F1524-7141-46A5-8002-3500271B9055}.Release|Any CPU.ActiveCfg = Release|Any CPU
		{580F1524-7141-46A5-8002-3500271B9055}.Release|Any CPU.Build.0 = Release|Any CPU
		{4D26CE1A-DEA8-4A89-96EF-34BE707F975F}.Debug|Any CPU.ActiveCfg = Debug|Any CPU
		{4D26CE1A-DEA8-4A89-96EF-34BE707F975F}.Debug|Any CPU.Build.0 = Debug|Any CPU
		{4D26CE1A-DEA8-4A89-96EF-34BE707F975F}.Release|Any CPU.ActiveCfg = Release|Any CPU
		{4D26CE1A-DEA8-4A89-96EF-34BE707F975F}.Release|Any CPU.Build.0 = Release|Any CPU
		{3C366935-608C-4CF8-8C9B-15D536EF1ADA}.Debug|Any CPU.ActiveCfg = Debug|Any CPU
		{3C366935-608C-4CF8-8C9B-15D536EF1ADA}.Debug|Any CPU.Build.0 = Debug|Any CPU
		{3C366935-608C-4CF8-8C9B-15D536EF1ADA}.Release|Any CPU.ActiveCfg = Release|Any CPU
		{3C366935-608C-4CF8-8C9B-15D536EF1ADA}.Release|Any CPU.Build.0 = Release|Any CPU
		{801F76C5-77C1-43A5-891E-008015EC3569}.Debug|Any CPU.ActiveCfg = Debug|Any CPU
		{801F76C5-77C1-43A5-891E-008015EC3569}.Debug|Any CPU.Build.0 = Debug|Any CPU
		{801F76C5-77C1-43A5-891E-008015EC3569}.Release|Any CPU.ActiveCfg = Release|Any CPU
		{801F76C5-77C1-43A5-891E-008015EC3569}.Release|Any CPU.Build.0 = Release|Any CPU
		{61A83F61-AF62-4C66-B458-F7F2E522223E}.Debug|Any CPU.ActiveCfg = Debug|Any CPU
		{61A83F61-AF62-4C66-B458-F7F2E522223E}.Debug|Any CPU.Build.0 = Debug|Any CPU
		{61A83F61-AF62-4C66-B458-F7F2E522223E}.Release|Any CPU.ActiveCfg = Release|Any CPU
		{61A83F61-AF62-4C66-B458-F7F2E522223E}.Release|Any CPU.Build.0 = Release|Any CPU
		{45654E1E-815A-4B43-A025-5153F4D48D8C}.Debug|Any CPU.ActiveCfg = Debug|Any CPU
		{45654E1E-815A-4B43-A025-5153F4D48D8C}.Debug|Any CPU.Build.0 = Debug|Any CPU
		{45654E1E-815A-4B43-A025-5153F4D48D8C}.Release|Any CPU.ActiveCfg = Release|Any CPU
		{45654E1E-815A-4B43-A025-5153F4D48D8C}.Release|Any CPU.Build.0 = Release|Any CPU
		{CE4BF0D5-4C8F-44A9-AC74-97718386A882}.Debug|Any CPU.ActiveCfg = Debug|Any CPU
		{CE4BF0D5-4C8F-44A9-AC74-97718386A882}.Debug|Any CPU.Build.0 = Debug|Any CPU
		{CE4BF0D5-4C8F-44A9-AC74-97718386A882}.Release|Any CPU.ActiveCfg = Release|Any CPU
		{CE4BF0D5-4C8F-44A9-AC74-97718386A882}.Release|Any CPU.Build.0 = Release|Any CPU
		{5E7B894A-E6D4-4990-80CA-AE8D4BB80DB2}.Debug|Any CPU.ActiveCfg = Debug|Any CPU
		{5E7B894A-E6D4-4990-80CA-AE8D4BB80DB2}.Debug|Any CPU.Build.0 = Debug|Any CPU
		{5E7B894A-E6D4-4990-80CA-AE8D4BB80DB2}.Release|Any CPU.ActiveCfg = Release|Any CPU
		{5E7B894A-E6D4-4990-80CA-AE8D4BB80DB2}.Release|Any CPU.Build.0 = Release|Any CPU
		{5505652F-C8EB-421C-89B5-FEA9ECF9F937}.Debug|Any CPU.ActiveCfg = Debug|Any CPU
		{5505652F-C8EB-421C-89B5-FEA9ECF9F937}.Debug|Any CPU.Build.0 = Debug|Any CPU
		{5505652F-C8EB-421C-89B5-FEA9ECF9F937}.Release|Any CPU.ActiveCfg = Release|Any CPU
		{5505652F-C8EB-421C-89B5-FEA9ECF9F937}.Release|Any CPU.Build.0 = Release|Any CPU
		{8C470557-B420-4037-A117-A5764209A3CE}.Debug|Any CPU.ActiveCfg = Debug|Any CPU
		{8C470557-B420-4037-A117-A5764209A3CE}.Debug|Any CPU.Build.0 = Debug|Any CPU
		{8C470557-B420-4037-A117-A5764209A3CE}.Release|Any CPU.ActiveCfg = Release|Any CPU
		{8C470557-B420-4037-A117-A5764209A3CE}.Release|Any CPU.Build.0 = Release|Any CPU
		{67B827D6-F40A-4E56-8F5C-511FAC2D1DB7}.Debug|Any CPU.ActiveCfg = Debug|Any CPU
		{67B827D6-F40A-4E56-8F5C-511FAC2D1DB7}.Debug|Any CPU.Build.0 = Debug|Any CPU
		{67B827D6-F40A-4E56-8F5C-511FAC2D1DB7}.Release|Any CPU.ActiveCfg = Release|Any CPU
		{67B827D6-F40A-4E56-8F5C-511FAC2D1DB7}.Release|Any CPU.Build.0 = Release|Any CPU
		{58B1103D-5B78-484D-86A8-B74E27E23D48}.Debug|Any CPU.ActiveCfg = Debug|Any CPU
		{58B1103D-5B78-484D-86A8-B74E27E23D48}.Debug|Any CPU.Build.0 = Debug|Any CPU
		{58B1103D-5B78-484D-86A8-B74E27E23D48}.Release|Any CPU.ActiveCfg = Release|Any CPU
		{58B1103D-5B78-484D-86A8-B74E27E23D48}.Release|Any CPU.Build.0 = Release|Any CPU
		{60238086-47C4-444E-863D-DBB907A83894}.Debug|Any CPU.ActiveCfg = Debug|Any CPU
		{60238086-47C4-444E-863D-DBB907A83894}.Debug|Any CPU.Build.0 = Debug|Any CPU
		{60238086-47C4-444E-863D-DBB907A83894}.Release|Any CPU.ActiveCfg = Release|Any CPU
		{60238086-47C4-444E-863D-DBB907A83894}.Release|Any CPU.Build.0 = Release|Any CPU
		{25ED339F-1CA0-42E1-BB7A-B5333454870F}.Debug|Any CPU.ActiveCfg = Debug|Any CPU
		{25ED339F-1CA0-42E1-BB7A-B5333454870F}.Debug|Any CPU.Build.0 = Debug|Any CPU
		{25ED339F-1CA0-42E1-BB7A-B5333454870F}.Release|Any CPU.ActiveCfg = Release|Any CPU
		{25ED339F-1CA0-42E1-BB7A-B5333454870F}.Release|Any CPU.Build.0 = Release|Any CPU
		{232D0F53-66FE-4F5C-A470-09292C8747A9}.Debug|Any CPU.ActiveCfg = Debug|Any CPU
		{232D0F53-66FE-4F5C-A470-09292C8747A9}.Debug|Any CPU.Build.0 = Debug|Any CPU
		{232D0F53-66FE-4F5C-A470-09292C8747A9}.Release|Any CPU.ActiveCfg = Release|Any CPU
		{232D0F53-66FE-4F5C-A470-09292C8747A9}.Release|Any CPU.Build.0 = Release|Any CPU
		{01ED6364-DB27-43CE-85DF-79F557B3F39B}.Debug|Any CPU.ActiveCfg = Debug|Any CPU
		{01ED6364-DB27-43CE-85DF-79F557B3F39B}.Debug|Any CPU.Build.0 = Debug|Any CPU
		{01ED6364-DB27-43CE-85DF-79F557B3F39B}.Release|Any CPU.ActiveCfg = Release|Any CPU
		{01ED6364-DB27-43CE-85DF-79F557B3F39B}.Release|Any CPU.Build.0 = Release|Any CPU
		{513D277D-85AC-42E6-ADA3-C4AF6BD334B0}.Debug|Any CPU.ActiveCfg = Debug|Any CPU
		{513D277D-85AC-42E6-ADA3-C4AF6BD334B0}.Debug|Any CPU.Build.0 = Debug|Any CPU
		{513D277D-85AC-42E6-ADA3-C4AF6BD334B0}.Release|Any CPU.ActiveCfg = Release|Any CPU
		{513D277D-85AC-42E6-ADA3-C4AF6BD334B0}.Release|Any CPU.Build.0 = Release|Any CPU
		{6FFD538C-381F-4416-8E6A-E1AFD7B0376C}.Debug|Any CPU.ActiveCfg = Debug|Any CPU
		{6FFD538C-381F-4416-8E6A-E1AFD7B0376C}.Debug|Any CPU.Build.0 = Debug|Any CPU
		{6FFD538C-381F-4416-8E6A-E1AFD7B0376C}.Release|Any CPU.ActiveCfg = Release|Any CPU
		{6FFD538C-381F-4416-8E6A-E1AFD7B0376C}.Release|Any CPU.Build.0 = Release|Any CPU
		{713A7788-B936-4048-B49C-F806E199A4A5}.Debug|Any CPU.ActiveCfg = Debug|Any CPU
		{713A7788-B936-4048-B49C-F806E199A4A5}.Debug|Any CPU.Build.0 = Debug|Any CPU
		{713A7788-B936-4048-B49C-F806E199A4A5}.Release|Any CPU.ActiveCfg = Release|Any CPU
		{713A7788-B936-4048-B49C-F806E199A4A5}.Release|Any CPU.Build.0 = Release|Any CPU
		{13ED4923-6C71-494D-936A-B3351DC644F0}.Debug|Any CPU.ActiveCfg = Debug|Any CPU
		{13ED4923-6C71-494D-936A-B3351DC644F0}.Debug|Any CPU.Build.0 = Debug|Any CPU
		{13ED4923-6C71-494D-936A-B3351DC644F0}.Release|Any CPU.ActiveCfg = Release|Any CPU
		{13ED4923-6C71-494D-936A-B3351DC644F0}.Release|Any CPU.Build.0 = Release|Any CPU
		{D825DF97-113B-4FF8-BEE0-4DD360C32ED7}.Debug|Any CPU.ActiveCfg = Debug|Any CPU
		{D825DF97-113B-4FF8-BEE0-4DD360C32ED7}.Debug|Any CPU.Build.0 = Debug|Any CPU
		{D825DF97-113B-4FF8-BEE0-4DD360C32ED7}.Release|Any CPU.ActiveCfg = Release|Any CPU
		{D825DF97-113B-4FF8-BEE0-4DD360C32ED7}.Release|Any CPU.Build.0 = Release|Any CPU
		{73341581-2F64-4BFC-9DED-62B7287EB88A}.Debug|Any CPU.ActiveCfg = Debug|Any CPU
		{73341581-2F64-4BFC-9DED-62B7287EB88A}.Debug|Any CPU.Build.0 = Debug|Any CPU
		{73341581-2F64-4BFC-9DED-62B7287EB88A}.Release|Any CPU.ActiveCfg = Release|Any CPU
		{73341581-2F64-4BFC-9DED-62B7287EB88A}.Release|Any CPU.Build.0 = Release|Any CPU
		{71F2FC7D-AA20-48F1-B41D-0B57B7DE2FB1}.Debug|Any CPU.ActiveCfg = Debug|Any CPU
		{71F2FC7D-AA20-48F1-B41D-0B57B7DE2FB1}.Debug|Any CPU.Build.0 = Debug|Any CPU
		{71F2FC7D-AA20-48F1-B41D-0B57B7DE2FB1}.Release|Any CPU.ActiveCfg = Release|Any CPU
		{71F2FC7D-AA20-48F1-B41D-0B57B7DE2FB1}.Release|Any CPU.Build.0 = Release|Any CPU
		{5D1B5051-462D-4691-B548-3FE8C2C94E4B}.Debug|Any CPU.ActiveCfg = Debug|Any CPU
		{5D1B5051-462D-4691-B548-3FE8C2C94E4B}.Debug|Any CPU.Build.0 = Debug|Any CPU
		{5D1B5051-462D-4691-B548-3FE8C2C94E4B}.Release|Any CPU.ActiveCfg = Release|Any CPU
		{5D1B5051-462D-4691-B548-3FE8C2C94E4B}.Release|Any CPU.Build.0 = Release|Any CPU
	EndGlobalSection
	GlobalSection(SolutionProperties) = preSolution
		HideSolutionNode = FALSE
	EndGlobalSection
	GlobalSection(NestedProjects) = preSolution
		{8AF2D237-5041-4FA3-B930-2F0846AEE876} = {A28A7672-621A-4D4F-AD9A-D5782CDBE357}
		{9DA6E9D5-DAA4-459A-A702-BD67CE65778D} = {CC389892-81C9-4710-962C-3F5610F847F7}
		{95AD93C2-9B42-4D9A-95D9-355E344617E6} = {A28A7672-621A-4D4F-AD9A-D5782CDBE357}
		{4117CB63-9820-43E2-A3EA-CF4A0B62A963} = {F8598944-FA23-4790-ABB9-14FE85B91331}
		{2A1E1017-21BE-40C1-972F-C8CBDBCB6DD7} = {00DA286F-85BD-42D7-B419-F434D632DED4}
		{73A392E1-CF95-449E-BE27-ED1C58F79304} = {00DA286F-85BD-42D7-B419-F434D632DED4}
		{3CD6FFB6-8F04-4CFC-A2E9-3A51978C0A3E} = {F8598944-FA23-4790-ABB9-14FE85B91331}
		{1E9B6DA7-28B3-4630-9079-1FA3C70C8495} = {F8598944-FA23-4790-ABB9-14FE85B91331}
		{2B110BE3-B2D3-4E72-8A3B-63023141E9FB} = {F8598944-FA23-4790-ABB9-14FE85B91331}
		{CA8013DC-2E81-40DB-9C3A-4A6FAA4E2B4A} = {F8598944-FA23-4790-ABB9-14FE85B91331}
		{C8BA5974-9AEF-49E7-AF1B-20FBC8F3D35A} = {F8598944-FA23-4790-ABB9-14FE85B91331}
		{06D4B5BB-1FCA-4EF7-B2DA-1ABF5E9B625C} = {F8598944-FA23-4790-ABB9-14FE85B91331}
		{004F26C6-5842-4442-98BF-DCB2F420B9C7} = {00DA286F-85BD-42D7-B419-F434D632DED4}
		{84728835-7354-44F4-8931-BFE3E2275232} = {00DA286F-85BD-42D7-B419-F434D632DED4}
		{15DED929-3532-45E7-888B-6A8DDD10F1F2} = {00DA286F-85BD-42D7-B419-F434D632DED4}
		{123C5D93-74DC-4884-9309-D50D96127920} = {00DA286F-85BD-42D7-B419-F434D632DED4}
		{BFB64EBB-7B33-4858-A464-206185B1E7E3} = {00DA286F-85BD-42D7-B419-F434D632DED4}
		{A5931C52-A41E-459E-B320-FB52957EE922} = {F8598944-FA23-4790-ABB9-14FE85B91331}
		{C062B536-60E9-4650-A409-AF8C0557B7A5} = {00DA286F-85BD-42D7-B419-F434D632DED4}
		{50C02830-1606-4BC3-A56F-F0FFB09A1624} = {00DA286F-85BD-42D7-B419-F434D632DED4}
		{F58F5BDF-1FE7-4BCA-86EA-667F7C052DF5} = {00DA286F-85BD-42D7-B419-F434D632DED4}
		{0D325C5A-1A86-43C2-9CB4-32751E560E0D} = {321F2E5C-E25C-47F9-951D-C2BFB85FB12B}
		{7B0CD96A-72F1-4214-9C6F-3004876FF2AA} = {00DA286F-85BD-42D7-B419-F434D632DED4}
		{61723F73-0F06-4B6F-BFD6-01C90CB32151} = {813D88DF-ECC2-4FDB-A02A-5247F0ED3958}
		{74C9BFD7-0ABC-4CFC-87EE-D288DF7FCBF8} = {813D88DF-ECC2-4FDB-A02A-5247F0ED3958}
		{E6454140-E3BD-4F9F-8A5A-F08C51AF4480} = {CC389892-81C9-4710-962C-3F5610F847F7}
		{1A7AD94A-087F-4722-BE6F-F5A45AFEDEBF} = {CC389892-81C9-4710-962C-3F5610F847F7}
		{CBEA275B-C4D2-4FCE-8B4A-907E7BA53066} = {CC389892-81C9-4710-962C-3F5610F847F7}
		{580F1524-7141-46A5-8002-3500271B9055} = {8ADC5C78-0750-4DF4-B035-4B08E6318D9B}
		{4D26CE1A-DEA8-4A89-96EF-34BE707F975F} = {8ADC5C78-0750-4DF4-B035-4B08E6318D9B}
		{3C366935-608C-4CF8-8C9B-15D536EF1ADA} = {8ADC5C78-0750-4DF4-B035-4B08E6318D9B}
		{801F76C5-77C1-43A5-891E-008015EC3569} = {8ADC5C78-0750-4DF4-B035-4B08E6318D9B}
		{61A83F61-AF62-4C66-B458-F7F2E522223E} = {8ADC5C78-0750-4DF4-B035-4B08E6318D9B}
		{45654E1E-815A-4B43-A025-5153F4D48D8C} = {CC389892-81C9-4710-962C-3F5610F847F7}
		{CE4BF0D5-4C8F-44A9-AC74-97718386A882} = {CC389892-81C9-4710-962C-3F5610F847F7}
		{5E7B894A-E6D4-4990-80CA-AE8D4BB80DB2} = {8ADC5C78-0750-4DF4-B035-4B08E6318D9B}
		{5505652F-C8EB-421C-89B5-FEA9ECF9F937} = {F8598944-FA23-4790-ABB9-14FE85B91331}
		{8C470557-B420-4037-A117-A5764209A3CE} = {00DA286F-85BD-42D7-B419-F434D632DED4}
		{67B827D6-F40A-4E56-8F5C-511FAC2D1DB7} = {00DA286F-85BD-42D7-B419-F434D632DED4}
		{58B1103D-5B78-484D-86A8-B74E27E23D48} = {2D3E4BE8-6CD9-4DF2-951F-D9B4E0DBC72A}
		{60238086-47C4-444E-863D-DBB907A83894} = {2D3E4BE8-6CD9-4DF2-951F-D9B4E0DBC72A}
		{25ED339F-1CA0-42E1-BB7A-B5333454870F} = {2D3E4BE8-6CD9-4DF2-951F-D9B4E0DBC72A}
		{232D0F53-66FE-4F5C-A470-09292C8747A9} = {2D3E4BE8-6CD9-4DF2-951F-D9B4E0DBC72A}
		{01ED6364-DB27-43CE-85DF-79F557B3F39B} = {2D3E4BE8-6CD9-4DF2-951F-D9B4E0DBC72A}
		{513D277D-85AC-42E6-ADA3-C4AF6BD334B0} = {2D3E4BE8-6CD9-4DF2-951F-D9B4E0DBC72A}
		{6FFD538C-381F-4416-8E6A-E1AFD7B0376C} = {2D3E4BE8-6CD9-4DF2-951F-D9B4E0DBC72A}
		{713A7788-B936-4048-B49C-F806E199A4A5} = {2D3E4BE8-6CD9-4DF2-951F-D9B4E0DBC72A}
		{13ED4923-6C71-494D-936A-B3351DC644F0} = {2D3E4BE8-6CD9-4DF2-951F-D9B4E0DBC72A}
		{D825DF97-113B-4FF8-BEE0-4DD360C32ED7} = {2D3E4BE8-6CD9-4DF2-951F-D9B4E0DBC72A}
		{73341581-2F64-4BFC-9DED-62B7287EB88A} = {8ADC5C78-0750-4DF4-B035-4B08E6318D9B}
		{71F2FC7D-AA20-48F1-B41D-0B57B7DE2FB1} = {8ADC5C78-0750-4DF4-B035-4B08E6318D9B}
		{5D1B5051-462D-4691-B548-3FE8C2C94E4B} = {8ADC5C78-0750-4DF4-B035-4B08E6318D9B}
	EndGlobalSection
	GlobalSection(ExtensibilityGlobals) = postSolution
		SolutionGuid = {E9E686B4-CC76-435F-B915-E2FA0F0D7C71}
	EndGlobalSection
EndGlobal
